{
  "name": "server",
  "lockfileVersion": 3,
  "requires": true,
  "packages": {
    "": {
      "dependencies": {
        "order-id": "^2.1.2"
      }
    },
    "node_modules/node-fpe": {
      "version": "2.0.2",
      "resolved": "https://registry.npmjs.org/node-fpe/-/node-fpe-2.0.2.tgz",
      "integrity": "sha512-5rd32my+EZ+rp89UHXryaYiviAi+ttvPOzVbe9OSq6MxPRC9eVvVQKE2Cn9B8R0mnl42cwdnU7OnV3uqUMBr/g==",
      "engines": {
        "node": ">=10.0.0"
      }
    },
    "node_modules/order-id": {
      "version": "2.1.2",
      "resolved": "https://registry.npmjs.org/order-id/-/order-id-2.1.2.tgz",
      "integrity": "sha512-XCeZ1zjUt0khezGcALhWv0WpY/6ZDcaYAudJeu0TneN9FtxeUOsG+J84UHP5l/Lhx35b4frbKbNExpHEy0DQIA==",
      "dependencies": {
        "node-fpe": "^2.0.2"
      },
      "engines": {
        "node": ">=10.0.0"
      }
    }
  }
}
